# THIS IS AN AUTOGENERATED FILE. DO NOT EDIT THIS FILE DIRECTLY.
# yarn lockfile v1


openai@^7.4.0:
  version "7.4.0"
  resolved "https://registry.yarnpkg.com/openai/-/openai-7.4.0.tgz#68a91d333c388cffaa6b276b160acaf81b342a9f"
  integrity sha512-+C9Muit5x8j9R8ej8ZzVgKcrVDtqFqTy9gxFdov0EItLgU68zrJtF9ZeT0cyqJQW9S3PCJkdFgADtRGquRBtew==

wasm-ffi@^0.3.0:
  version "0.3.0"
  resolved "https://registry.yarnpkg.com/wasm-ffi/-/wasm-ffi-0.3.0.tgz#fa6a13352139ae6b376773d604ba0bbf09c83534"
  integrity sha512-IbpRxIGXJSdJ2udiu/cgXTYwVykDQ2PJYBWJmNOxIXVU3q9NXiD8feE7oCB98By5k6ErjMwcXDcT40cX+mgBhw==
