# THIS IS AN AUTOGENERATED FILE. DO NOT EDIT THIS FILE DIRECTLY.
# yarn lockfile v1


"@anthropic-ai/sdk@^0.115.0":
  version "0.115.0"
  resolved "https://registry.yarnpkg.com/@anthropic-ai/sdk/-/sdk-0.115.0.tgz#f71ce711306e45e2122066ae50f7f89d8b5ed598"
  integrity sha512-BJrFIVyjNuU8lfDyIJTvlRYzgQg+zEl78BxE7fq8esULsGz9IRQvGtW5spq3tydmtjQb/GFdooKGdGsetpx+lQ==
  dependencies:
    json-schema-to-ts "^3.1.1"
    standardwebhooks "^1.0.0"

"@babel/runtime@^7.18.3":
  version "7.29.7"
  resolved "https://registry.yarnpkg.com/@babel/runtime/-/runtime-7.29.7.tgz#12022450c45a4da6d8d8287b18a4ff2ddb23f768"
  integrity sha512-Nq8OhGWiZIZGV6hLHoyAKLLcJihP/xFeBMGJoUrxTX2psI8dCifzLhZISFb+VWS3wFMRDmCGw5R+dOySCqPLhw==

"@stablelib/base64@^1.0.0":
  version "1.0.1"
  resolved "https://registry.yarnpkg.com/@stablelib/base64/-/base64-1.0.1.tgz#bdfc1c6d3a62d7a3b7bbc65b6cce1bb4561641be"
  integrity sha512-1bnPQqSxSuc3Ii6MhBysoWCg58j97aUjuCSZrGSmDxNqtytIi0k8utUenAwTZN4V5mXXYGsVUI9zeBqy+jBOSQ==

fast-sha256@^1.3.0:
  version "1.3.0"
  resolved "https://registry.yarnpkg.com/fast-sha256/-/fast-sha256-1.3.0.tgz#7916ba2054eeb255982608cccd0f6660c79b7ae6"
  integrity sha512-n11RGP/lrWEFI/bWdygLxhI+pVeo1ZYIVwvvPkW7azl/rOy+F3HYRZ2K5zeE9mmkhQppyv9sQFx0JM9UabnpPQ==

json-schema-to-ts@^3.1.1:
  version "3.1.1"
  resolved "https://registry.yarnpkg.com/json-schema-to-ts/-/json-schema-to-ts-3.1.1.tgz#81f3acaf5a34736492f6f5f51870ef9ece1ca853"
  integrity sha512-+DWg8jCJG2TEnpy7kOm/7/AxaYoaRbjVB4LFZLySZlWn8exGs3A4OLJR966cVvU26N7X9TWxl+Jsw7dzAqKT6g==
  dependencies:
    "@babel/runtime" "^7.18.3"
    ts-algebra "^2.0.0"

openai@^7.4.0:
  version "7.4.0"
  resolved "https://registry.yarnpkg.com/openai/-/openai-7.4.0.tgz#68a91d333c388cffaa6b276b160acaf81b342a9f"
  integrity sha512-+C9Muit5x8j9R8ej8ZzVgKcrVDtqFqTy9gxFdov0EItLgU68zrJtF9ZeT0cyqJQW9S3PCJkdFgADtRGquRBtew==

standardwebhooks@^1.0.0:
  version "1.0.0"
  resolved "https://registry.yarnpkg.com/standardwebhooks/-/standardwebhooks-1.0.0.tgz#5faa23ceacbf9accd344361101d9e3033b64324f"
  integrity sha512-BbHGOQK9olHPMvQNHWul6MYlrRTAOKn03rOe4A8O3CLWhNf4YHBqq2HJKKC+sfqpxiBY52pNeesD6jIiLDz8jg==
  dependencies:
    "@stablelib/base64" "^1.0.0"
    fast-sha256 "^1.3.0"

ts-algebra@^2.0.0:
  version "2.0.0"
  resolved "https://registry.yarnpkg.com/ts-algebra/-/ts-algebra-2.0.0.tgz#4e3e0953878f26518fce7f6bb115064a65388b7a"
  integrity sha512-FPAhNPFMrkwz76P7cdjdmiShwMynZYN6SgOujD1urY4oNm80Ou9oMdmbR45LotcKOXoy7wSmHkRFE6Mxbrhefw==

wasm-ffi@^0.3.0:
  version "0.3.0"
  resolved "https://registry.yarnpkg.com/wasm-ffi/-/wasm-ffi-0.3.0.tgz#fa6a13352139ae6b376773d604ba0bbf09c83534"
  integrity sha512-IbpRxIGXJSdJ2udiu/cgXTYwVykDQ2PJYBWJmNOxIXVU3q9NXiD8feE7oCB98By5k6ErjMwcXDcT40cX+mgBhw==
