# THIS IS AN AUTOGENERATED FILE. DO NOT EDIT THIS FILE DIRECTLY.
# yarn lockfile v1


wasm-ffi@^0.3.0:
  version "0.3.0"
  resolved "https://registry.yarnpkg.com/wasm-ffi/-/wasm-ffi-0.3.0.tgz#fa6a13352139ae6b376773d604ba0bbf09c83534"
  integrity sha512-IbpRxIGXJSdJ2udiu/cgXTYwVykDQ2PJYBWJmNOxIXVU3q9NXiD8feE7oCB98By5k6ErjMwcXDcT40cX+mgBhw==
